
Microsoft Visual Studio Solution File, Format Version 12.00
# Visual Studio Version 17
VisualStudioVersion = 17.0.31903.59
MinimumVisualStudioVersion = 10.0.40219.1
Project("{9A19103F-16F7-4668-BE54-9A1E7A4F7556}") = "seaq", "seaq\seaq.csproj", "{4CEFE820-EA7A-4BB0-840A-EF3EEC879610}"
EndProject
Project("{9A19103F-16F7-4668-BE54-9A1E7A4F7556}") = "seaq.Tests", "seaq.Tests\seaq.Tests.csproj", "{69F83C50-3189-4B88-8746-D5FA60CFEB28}"
EndProject
Global
	GlobalSection(SolutionConfigurationPlatforms) = preSolution
		Debug|Any CPU = Debug|Any CPU
		Debug|x64 = Debug|x64
		Debug|x86 = Debug|x86
		Release|Any CPU = Release|Any CPU
		Release|x64 = Release|x64
		Release|x86 = Release|x86
	EndGlobalSection
	GlobalSection(ProjectConfigurationPlatforms) = postSolution
		{4CEFE820-EA7A-4BB0-840A-EF3EEC879610}.Debug|Any CPU.ActiveCfg = Debug|Any CPU
		{4CEFE820-EA7A-4BB0-840A-EF3EEC879610}.Debug|Any CPU.Build.0 = Debug|Any CPU
		{4CEFE820-EA7A-4BB0-840A-EF3EEC879610}.Debug|x64.ActiveCfg = Debug|Any CPU
		{4CEFE820-EA7A-4BB0-840A-EF3EEC879610}.Debug|x64.Build.0 = Debug|Any CPU
		{4CEFE820-EA7A-4BB0-840A-EF3EEC879610}.Debug|x86.ActiveCfg = Debug|Any CPU
		{4CEFE820-EA7A-4BB0-840A-EF3EEC879610}.Debug|x86.Build.0 = Debug|Any CPU
		{4CEFE820-EA7A-4BB0-840A-EF3EEC879610}.Release|Any CPU.ActiveCfg = Release|Any CPU
		{4CEFE820-EA7A-4BB0-840A-EF3EEC879610}.Release|Any CPU.Build.0 = Release|Any CPU
		{4CEFE820-EA7A-4BB0-840A-EF3EEC879610}.Release|x64.ActiveCfg = Release|Any CPU
		{4CEFE820-EA7A-4BB0-840A-EF3EEC879610}.Release|x64.Build.0 = Release|Any CPU
		{4CEFE820-EA7A-4BB0-840A-EF3EEC879610}.Release|x86.ActiveCfg = Release|Any CPU
		{4CEFE820-EA7A-4BB0-840A-EF3EEC879610}.Release|x86.Build.0 = Release|Any CPU
		{69F83C50-3189-4B88-8746-D5FA60CFEB28}.Debug|Any CPU.ActiveCfg = Debug|Any CPU
		{69F83C50-3189-4B88-8746-D5FA60CFEB28}.Debug|Any CPU.Build.0 = Debug|Any CPU
		{69F83C50-3189-4B88-8746-D5FA60CFEB28}.Debug|x64.ActiveCfg = Debug|Any CPU
		{69F83C50-3189-4B88-8746-D5FA60CFEB28}.Debug|x64.Build.0 = Debug|Any CPU
		{69F83C50-3189-4B88-8746-D5FA60CFEB28}.Debug|x86.ActiveCfg = Debug|Any CPU
		{69F83C50-3189-4B88-8746-D5FA60CFEB28}.Debug|x86.Build.0 = Debug|Any CPU
		{69F83C50-3189-4B88-8746-D5FA60CFEB28}.Release|Any CPU.ActiveCfg = Release|Any CPU
		{69F83C50-3189-4B88-8746-D5FA60CFEB28}.Release|Any CPU.Build.0 = Release|Any CPU
		{69F83C50-3189-4B88-8746-D5FA60CFEB28}.Release|x64.ActiveCfg = Release|Any CPU
		{69F83C50-3189-4B88-8746-D5FA60CFEB28}.Release|x64.Build.0 = Release|Any CPU
		{69F83C50-3189-4B88-8746-D5FA60CFEB28}.Release|x86.ActiveCfg = Release|Any CPU
		{69F83C50-3189-4B88-8746-D5FA60CFEB28}.Release|x86.Build.0 = Release|Any CPU
	EndGlobalSection
	GlobalSection(SolutionProperties) = preSolution
		HideSolutionNode = FALSE
	EndGlobalSection
	GlobalSection(ExtensibilityGlobals) = postSolution
		SolutionGuid = {5F8D2967-6F1A-4CD2-B6D7-90E2CC5A533E}
	EndGlobalSection
EndGlobal
