
Microsoft Visual Studio Solution File, Format Version 12.00
# Visual Studio Version 16
VisualStudioVersion = 16.0.29905.134
MinimumVisualStudioVersion = 15.0.26124.0
Project("{2150E333-8FDC-42A3-9474-1A3956D46DE8}") = "Tests", "Tests", "{DAA1017E-C8FA-4D89-9F88-B59FE4E7430A}"
EndProject
Project("{FAE04EC0-301F-11D3-BF4B-00C04F79EFBC}") = "Seaq.Clusters", "Seaq.Cluster\Seaq.Clusters.csproj", "{6B41C05C-3CFF-4376-B807-E0B785807E87}"
EndProject
Project("{FAE04EC0-301F-11D3-BF4B-00C04F79EFBC}") = "Seaq", "Seaq\Seaq.csproj", "{680562B2-9CDE-4DBF-AEB2-91E94101A551}"
EndProject
Project("{FAE04EC0-301F-11D3-BF4B-00C04F79EFBC}") = "Seaq.Tests", "Seaq.Tests\Seaq.Tests.csproj", "{F97F4576-BAA5-4983-AC96-63C050C176B7}"
EndProject
Global
	GlobalSection(SolutionConfigurationPlatforms) = preSolution
		Debug|Any CPU = Debug|Any CPU
		Debug|x64 = Debug|x64
		Debug|x86 = Debug|x86
		Release|Any CPU = Release|Any CPU
		Release|x64 = Release|x64
		Release|x86 = Release|x86
	EndGlobalSection
	GlobalSection(ProjectConfigurationPlatforms) = postSolution
		{1B86F027-3931-4EDE-9A39-9DDBC964775C}.Debug|Any CPU.ActiveCfg = Debug|Any CPU
		{1B86F027-3931-4EDE-9A39-9DDBC964775C}.Debug|Any CPU.Build.0 = Debug|Any CPU
		{1B86F027-3931-4EDE-9A39-9DDBC964775C}.Debug|x64.ActiveCfg = Debug|Any CPU
		{1B86F027-3931-4EDE-9A39-9DDBC964775C}.Debug|x64.Build.0 = Debug|Any CPU
		{1B86F027-3931-4EDE-9A39-9DDBC964775C}.Debug|x86.ActiveCfg = Debug|Any CPU
		{1B86F027-3931-4EDE-9A39-9DDBC964775C}.Debug|x86.Build.0 = Debug|Any CPU
		{1B86F027-3931-4EDE-9A39-9DDBC964775C}.Release|Any CPU.ActiveCfg = Release|Any CPU
		{1B86F027-3931-4EDE-9A39-9DDBC964775C}.Release|Any CPU.Build.0 = Release|Any CPU
		{1B86F027-3931-4EDE-9A39-9DDBC964775C}.Release|x64.ActiveCfg = Release|Any CPU
		{1B86F027-3931-4EDE-9A39-9DDBC964775C}.Release|x64.Build.0 = Release|Any CPU
		{1B86F027-3931-4EDE-9A39-9DDBC964775C}.Release|x86.ActiveCfg = Release|Any CPU
		{1B86F027-3931-4EDE-9A39-9DDBC964775C}.Release|x86.Build.0 = Release|Any CPU
		{C09075E7-7D7F-4759-8F7B-320912C59FA1}.Debug|Any CPU.ActiveCfg = Debug|Any CPU
		{C09075E7-7D7F-4759-8F7B-320912C59FA1}.Debug|Any CPU.Build.0 = Debug|Any CPU
		{C09075E7-7D7F-4759-8F7B-320912C59FA1}.Debug|x64.ActiveCfg = Debug|Any CPU
		{C09075E7-7D7F-4759-8F7B-320912C59FA1}.Debug|x64.Build.0 = Debug|Any CPU
		{C09075E7-7D7F-4759-8F7B-320912C59FA1}.Debug|x86.ActiveCfg = Debug|Any CPU
		{C09075E7-7D7F-4759-8F7B-320912C59FA1}.Debug|x86.Build.0 = Debug|Any CPU
		{C09075E7-7D7F-4759-8F7B-320912C59FA1}.Release|Any CPU.ActiveCfg = Release|Any CPU
		{C09075E7-7D7F-4759-8F7B-320912C59FA1}.Release|Any CPU.Build.0 = Release|Any CPU
		{C09075E7-7D7F-4759-8F7B-320912C59FA1}.Release|x64.ActiveCfg = Release|Any CPU
		{C09075E7-7D7F-4759-8F7B-320912C59FA1}.Release|x64.Build.0 = Release|Any CPU
		{C09075E7-7D7F-4759-8F7B-320912C59FA1}.Release|x86.ActiveCfg = Release|Any CPU
		{C09075E7-7D7F-4759-8F7B-320912C59FA1}.Release|x86.Build.0 = Release|Any CPU
		{6B41C05C-3CFF-4376-B807-E0B785807E87}.Debug|Any CPU.ActiveCfg = Debug|Any CPU
		{6B41C05C-3CFF-4376-B807-E0B785807E87}.Debug|Any CPU.Build.0 = Debug|Any CPU
		{6B41C05C-3CFF-4376-B807-E0B785807E87}.Debug|x64.ActiveCfg = Debug|Any CPU
		{6B41C05C-3CFF-4376-B807-E0B785807E87}.Debug|x64.Build.0 = Debug|Any CPU
		{6B41C05C-3CFF-4376-B807-E0B785807E87}.Debug|x86.ActiveCfg = Debug|Any CPU
		{6B41C05C-3CFF-4376-B807-E0B785807E87}.Debug|x86.Build.0 = Debug|Any CPU
		{6B41C05C-3CFF-4376-B807-E0B785807E87}.Release|Any CPU.ActiveCfg = Release|Any CPU
		{6B41C05C-3CFF-4376-B807-E0B785807E87}.Release|Any CPU.Build.0 = Release|Any CPU
		{6B41C05C-3CFF-4376-B807-E0B785807E87}.Release|x64.ActiveCfg = Release|Any CPU
		{6B41C05C-3CFF-4376-B807-E0B785807E87}.Release|x64.Build.0 = Release|Any CPU
		{6B41C05C-3CFF-4376-B807-E0B785807E87}.Release|x86.ActiveCfg = Release|Any CPU
		{6B41C05C-3CFF-4376-B807-E0B785807E87}.Release|x86.Build.0 = Release|Any CPU
		{8BE99EEB-F52F-4022-9384-8BD0B1A7E0BF}.Debug|Any CPU.ActiveCfg = Debug|Any CPU
		{8BE99EEB-F52F-4022-9384-8BD0B1A7E0BF}.Debug|Any CPU.Build.0 = Debug|Any CPU
		{8BE99EEB-F52F-4022-9384-8BD0B1A7E0BF}.Debug|x64.ActiveCfg = Debug|Any CPU
		{8BE99EEB-F52F-4022-9384-8BD0B1A7E0BF}.Debug|x64.Build.0 = Debug|Any CPU
		{8BE99EEB-F52F-4022-9384-8BD0B1A7E0BF}.Debug|x86.ActiveCfg = Debug|Any CPU
		{8BE99EEB-F52F-4022-9384-8BD0B1A7E0BF}.Debug|x86.Build.0 = Debug|Any CPU
		{8BE99EEB-F52F-4022-9384-8BD0B1A7E0BF}.Release|Any CPU.ActiveCfg = Release|Any CPU
		{8BE99EEB-F52F-4022-9384-8BD0B1A7E0BF}.Release|Any CPU.Build.0 = Release|Any CPU
		{8BE99EEB-F52F-4022-9384-8BD0B1A7E0BF}.Release|x64.ActiveCfg = Release|Any CPU
		{8BE99EEB-F52F-4022-9384-8BD0B1A7E0BF}.Release|x64.Build.0 = Release|Any CPU
		{8BE99EEB-F52F-4022-9384-8BD0B1A7E0BF}.Release|x86.ActiveCfg = Release|Any CPU
		{8BE99EEB-F52F-4022-9384-8BD0B1A7E0BF}.Release|x86.Build.0 = Release|Any CPU
		{882F3970-1AE0-4037-A3E8-C04C86AE7FF7}.Debug|Any CPU.ActiveCfg = Debug|Any CPU
		{882F3970-1AE0-4037-A3E8-C04C86AE7FF7}.Debug|Any CPU.Build.0 = Debug|Any CPU
		{882F3970-1AE0-4037-A3E8-C04C86AE7FF7}.Debug|x64.ActiveCfg = Debug|Any CPU
		{882F3970-1AE0-4037-A3E8-C04C86AE7FF7}.Debug|x64.Build.0 = Debug|Any CPU
		{882F3970-1AE0-4037-A3E8-C04C86AE7FF7}.Debug|x86.ActiveCfg = Debug|Any CPU
		{882F3970-1AE0-4037-A3E8-C04C86AE7FF7}.Debug|x86.Build.0 = Debug|Any CPU
		{882F3970-1AE0-4037-A3E8-C04C86AE7FF7}.Release|Any CPU.ActiveCfg = Release|Any CPU
		{882F3970-1AE0-4037-A3E8-C04C86AE7FF7}.Release|Any CPU.Build.0 = Release|Any CPU
		{882F3970-1AE0-4037-A3E8-C04C86AE7FF7}.Release|x64.ActiveCfg = Release|Any CPU
		{882F3970-1AE0-4037-A3E8-C04C86AE7FF7}.Release|x64.Build.0 = Release|Any CPU
		{882F3970-1AE0-4037-A3E8-C04C86AE7FF7}.Release|x86.ActiveCfg = Release|Any CPU
		{882F3970-1AE0-4037-A3E8-C04C86AE7FF7}.Release|x86.Build.0 = Release|Any CPU
		{680562B2-9CDE-4DBF-AEB2-91E94101A551}.Debug|Any CPU.ActiveCfg = Debug|Any CPU
		{680562B2-9CDE-4DBF-AEB2-91E94101A551}.Debug|Any CPU.Build.0 = Debug|Any CPU
		{680562B2-9CDE-4DBF-AEB2-91E94101A551}.Debug|x64.ActiveCfg = Debug|Any CPU
		{680562B2-9CDE-4DBF-AEB2-91E94101A551}.Debug|x64.Build.0 = Debug|Any CPU
		{680562B2-9CDE-4DBF-AEB2-91E94101A551}.Debug|x86.ActiveCfg = Debug|Any CPU
		{680562B2-9CDE-4DBF-AEB2-91E94101A551}.Debug|x86.Build.0 = Debug|Any CPU
		{680562B2-9CDE-4DBF-AEB2-91E94101A551}.Release|Any CPU.ActiveCfg = Release|Any CPU
		{680562B2-9CDE-4DBF-AEB2-91E94101A551}.Release|Any CPU.Build.0 = Release|Any CPU
		{680562B2-9CDE-4DBF-AEB2-91E94101A551}.Release|x64.ActiveCfg = Release|Any CPU
		{680562B2-9CDE-4DBF-AEB2-91E94101A551}.Release|x64.Build.0 = Release|Any CPU
		{680562B2-9CDE-4DBF-AEB2-91E94101A551}.Release|x86.ActiveCfg = Release|Any CPU
		{680562B2-9CDE-4DBF-AEB2-91E94101A551}.Release|x86.Build.0 = Release|Any CPU
		{F97F4576-BAA5-4983-AC96-63C050C176B7}.Debug|Any CPU.ActiveCfg = Debug|Any CPU
		{F97F4576-BAA5-4983-AC96-63C050C176B7}.Debug|Any CPU.Build.0 = Debug|Any CPU
		{F97F4576-BAA5-4983-AC96-63C050C176B7}.Debug|x64.ActiveCfg = Debug|Any CPU
		{F97F4576-BAA5-4983-AC96-63C050C176B7}.Debug|x64.Build.0 = Debug|Any CPU
		{F97F4576-BAA5-4983-AC96-63C050C176B7}.Debug|x86.ActiveCfg = Debug|Any CPU
		{F97F4576-BAA5-4983-AC96-63C050C176B7}.Debug|x86.Build.0 = Debug|Any CPU
		{F97F4576-BAA5-4983-AC96-63C050C176B7}.Release|Any CPU.ActiveCfg = Release|Any CPU
		{F97F4576-BAA5-4983-AC96-63C050C176B7}.Release|Any CPU.Build.0 = Release|Any CPU
		{F97F4576-BAA5-4983-AC96-63C050C176B7}.Release|x64.ActiveCfg = Release|Any CPU
		{F97F4576-BAA5-4983-AC96-63C050C176B7}.Release|x64.Build.0 = Release|Any CPU
		{F97F4576-BAA5-4983-AC96-63C050C176B7}.Release|x86.ActiveCfg = Release|Any CPU
		{F97F4576-BAA5-4983-AC96-63C050C176B7}.Release|x86.Build.0 = Release|Any CPU
	EndGlobalSection
	GlobalSection(SolutionProperties) = preSolution
		HideSolutionNode = FALSE
	EndGlobalSection
	GlobalSection(NestedProjects) = preSolution
		{1B86F027-3931-4EDE-9A39-9DDBC964775C} = {3E3B34B1-3AD1-4108-A15B-2BCADC3C2A49}
		{C09075E7-7D7F-4759-8F7B-320912C59FA1} = {DAA1017E-C8FA-4D89-9F88-B59FE4E7430A}
	EndGlobalSection
	GlobalSection(ExtensibilityGlobals) = postSolution
		SolutionGuid = {82742A38-A133-4D99-9D28-34525DB1AA0E}
	EndGlobalSection
EndGlobal
